
Microsoft Visual Studio Solution File, Format Version 12.00
# Visual Studio Version 17
VisualStudioVersion = 17.9.34902.65
MinimumVisualStudioVersion = 10.0.40219.1
Project("{FAE04EC0-301F-11D3-BF4B-00C04F79EFBC}") = "TextRPG", "TextRPG\TextRPG.csproj", "{5289032B-8D5E-486E-87C9-CED3ED417AB1}"
EndProject
Global
	GlobalSection(SolutionConfigurationPlatforms) = preSolution
		Debug|Any CPU = Debug|Any CPU
		Release|Any CPU = Release|Any CPU
	EndGlobalSection
	GlobalSection(ProjectConfigurationPlatforms) = postSolution
		{5289032B-8D5E-486E-87C9-CED3ED417AB1}.Debug|Any CPU.ActiveCfg = Debug|Any CPU
		{5289032B-8D5E-486E-87C9-CED3ED417AB1}.Debug|Any CPU.Build.0 = Debug|Any CPU
		{5289032B-8D5E-486E-87C9-CED3ED417AB1}.Release|Any CPU.ActiveCfg = Release|Any CPU
		{5289032B-8D5E-486E-87C9-CED3ED417AB1}.Release|Any CPU.Build.0 = Release|Any CPU
	EndGlobalSection
	GlobalSection(SolutionProperties) = preSolution
		HideSolutionNode = FALSE
	EndGlobalSection
	GlobalSection(ExtensibilityGlobals) = postSolution
		SolutionGuid = {5CD4C8E4-6395-4C6C-973C-77B53DF5E6D6}
	EndGlobalSection
EndGlobal
